
Microsoft Visual Studio Solution File, Format Version 12.00
# Visual Studio Version 17
VisualStudioVersion = 17.0.31717.71
MinimumVisualStudioVersion = 10.0.40219.1
Project("{9A19103F-16F7-4668-BE54-9A1E7A4F7556}") = "EventBinding__POC", "EventBinding__POC.csproj", "{B9425F7D-E386-4DFB-93D9-C4EBFA384821}"
EndProject
Global
	GlobalSection(SolutionConfigurationPlatforms) = preSolution
		Debug|Any CPU = Debug|Any CPU
		Release|Any CPU = Release|Any CPU
	EndGlobalSection
	GlobalSection(ProjectConfigurationPlatforms) = postSolution
		{B9425F7D-E386-4DFB-93D9-C4EBFA384821}.Debug|Any CPU.ActiveCfg = Debug|Any CPU
		{B9425F7D-E386-4DFB-93D9-C4EBFA384821}.Debug|Any CPU.Build.0 = Debug|Any CPU
		{B9425F7D-E386-4DFB-93D9-C4EBFA384821}.Release|Any CPU.ActiveCfg = Release|Any CPU
		{B9425F7D-E386-4DFB-93D9-C4EBFA384821}.Release|Any CPU.Build.0 = Release|Any CPU
	EndGlobalSection
	GlobalSection(SolutionProperties) = preSolution
		HideSolutionNode = FALSE
	EndGlobalSection
	GlobalSection(ExtensibilityGlobals) = postSolution
		SolutionGuid = {6E127544-2006-489A-A0D3-2DF9DA7295B4}
	EndGlobalSection
EndGlobal